Microsoft Visual Studio Solution File, Format Version 12.00
# Visual Studio Version 17
VisualStudioVersion = 17.5.2.0
MinimumVisualStudioVersion = 10.0.40219.1
Project("{FAE04EC0-301F-11D3-BF4B-00C04F79EFBC}") = "Lusium", "Lusium.csproj", "{7E059711-E0BD-F5DA-127A-36E70F3C1DD5}"
EndProject
Global
	GlobalSection(SolutionConfigurationPlatforms) = preSolution
		Debug|Any CPU = Debug|Any CPU
		Release|Any CPU = Release|Any CPU
	EndGlobalSection
	GlobalSection(ProjectConfigurationPlatforms) = postSolution
		{7E059711-E0BD-F5DA-127A-36E70F3C1DD5}.Debug|Any CPU.ActiveCfg = Debug|Any CPU
		{7E059711-E0BD-F5DA-127A-36E70F3C1DD5}.Debug|Any CPU.Build.0 = Debug|Any CPU
		{7E059711-E0BD-F5DA-127A-36E70F3C1DD5}.Release|Any CPU.ActiveCfg = Release|Any CPU
		{7E059711-E0BD-F5DA-127A-36E70F3C1DD5}.Release|Any CPU.Build.0 = Release|Any CPU
	EndGlobalSection
	GlobalSection(SolutionProperties) = preSolution
		HideSolutionNode = FALSE
	EndGlobalSection
	GlobalSection(ExtensibilityGlobals) = postSolution
		SolutionGuid = {2187703C-7156-4045-9CAC-0DD264FB814E}
	EndGlobalSection
EndGlobal
